
Microsoft Visual Studio Solution File, Format Version 12.00
# Visual Studio Version 16
VisualStudioVersion = 25.0.1700.0
MinimumVisualStudioVersion = 10.0.40219.1
Project("{FAE04EC0-301F-11D3-BF4B-00C04F79EFBC}") = "Challange5", "Challange5\Challange5.csproj", "{FC111078-EA7F-49B4-9F8F-985C048A61EE}"
EndProject
Global
	GlobalSection(SolutionConfigurationPlatforms) = preSolution
		Debug|Any CPU = Debug|Any CPU
		Release|Any CPU = Release|Any CPU
	EndGlobalSection
	GlobalSection(ProjectConfigurationPlatforms) = postSolution
		{FC111078-EA7F-49B4-9F8F-985C048A61EE}.Debug|Any CPU.ActiveCfg = Debug|Any CPU
		{FC111078-EA7F-49B4-9F8F-985C048A61EE}.Debug|Any CPU.Build.0 = Debug|Any CPU
		{FC111078-EA7F-49B4-9F8F-985C048A61EE}.Release|Any CPU.ActiveCfg = Release|Any CPU
		{FC111078-EA7F-49B4-9F8F-985C048A61EE}.Release|Any CPU.Build.0 = Release|Any CPU
	EndGlobalSection
	GlobalSection(SolutionProperties) = preSolution
		HideSolutionNode = FALSE
	EndGlobalSection
	GlobalSection(ExtensibilityGlobals) = postSolution
		SolutionGuid = {14CC45CF-CBBD-4EEB-8B02-8D2D1920C5C9}
	EndGlobalSection
EndGlobal
