
Microsoft Visual Studio Solution File, Format Version 12.00
# Visual Studio Version 16
VisualStudioVersion = 25.0.1700.0
MinimumVisualStudioVersion = 10.0.40219.1
Project("{FAE04EC0-301F-11D3-BF4B-00C04F79EFBC}") = "Challange10", "Challange10\Challange10.csproj", "{B188ECDE-463F-42CC-9929-47654C2F9F6E}"
EndProject
Global
	GlobalSection(SolutionConfigurationPlatforms) = preSolution
		Debug|Any CPU = Debug|Any CPU
		Release|Any CPU = Release|Any CPU
	EndGlobalSection
	GlobalSection(ProjectConfigurationPlatforms) = postSolution
		{B188ECDE-463F-42CC-9929-47654C2F9F6E}.Debug|Any CPU.ActiveCfg = Debug|Any CPU
		{B188ECDE-463F-42CC-9929-47654C2F9F6E}.Debug|Any CPU.Build.0 = Debug|Any CPU
		{B188ECDE-463F-42CC-9929-47654C2F9F6E}.Release|Any CPU.ActiveCfg = Release|Any CPU
		{B188ECDE-463F-42CC-9929-47654C2F9F6E}.Release|Any CPU.Build.0 = Release|Any CPU
	EndGlobalSection
	GlobalSection(SolutionProperties) = preSolution
		HideSolutionNode = FALSE
	EndGlobalSection
	GlobalSection(ExtensibilityGlobals) = postSolution
		SolutionGuid = {0DFC174A-8B82-41EE-AD9A-8A4614DCF071}
	EndGlobalSection
EndGlobal
