
Microsoft Visual Studio Solution File, Format Version 12.00
# Visual Studio Version 16
VisualStudioVersion = 25.0.1700.0
MinimumVisualStudioVersion = 10.0.40219.1
Project("{FAE04EC0-301F-11D3-BF4B-00C04F79EFBC}") = "Challange2.2", "Challange2.2\Challange2.2.csproj", "{4AAC1791-6A75-4A41-8A1F-A8D81CD3E98A}"
EndProject
Global
	GlobalSection(SolutionConfigurationPlatforms) = preSolution
		Debug|Any CPU = Debug|Any CPU
		Release|Any CPU = Release|Any CPU
	EndGlobalSection
	GlobalSection(ProjectConfigurationPlatforms) = postSolution
		{4AAC1791-6A75-4A41-8A1F-A8D81CD3E98A}.Debug|Any CPU.ActiveCfg = Debug|Any CPU
		{4AAC1791-6A75-4A41-8A1F-A8D81CD3E98A}.Debug|Any CPU.Build.0 = Debug|Any CPU
		{4AAC1791-6A75-4A41-8A1F-A8D81CD3E98A}.Release|Any CPU.ActiveCfg = Release|Any CPU
		{4AAC1791-6A75-4A41-8A1F-A8D81CD3E98A}.Release|Any CPU.Build.0 = Release|Any CPU
	EndGlobalSection
	GlobalSection(SolutionProperties) = preSolution
		HideSolutionNode = FALSE
	EndGlobalSection
	GlobalSection(ExtensibilityGlobals) = postSolution
		SolutionGuid = {47BA70A0-C727-48C8-A147-A701FE779709}
	EndGlobalSection
EndGlobal
