
Microsoft Visual Studio Solution File, Format Version 12.00
# Visual Studio Version 16
VisualStudioVersion = 25.0.1700.0
MinimumVisualStudioVersion = 10.0.40219.1
Project("{FAE04EC0-301F-11D3-BF4B-00C04F79EFBC}") = "Properties", "Properties\Properties.csproj", "{06937FAD-ECD7-4181-AC9A-C49913857FB6}"
EndProject
Global
	GlobalSection(SolutionConfigurationPlatforms) = preSolution
		Debug|Any CPU = Debug|Any CPU
		Release|Any CPU = Release|Any CPU
	EndGlobalSection
	GlobalSection(ProjectConfigurationPlatforms) = postSolution
		{06937FAD-ECD7-4181-AC9A-C49913857FB6}.Debug|Any CPU.ActiveCfg = Debug|Any CPU
		{06937FAD-ECD7-4181-AC9A-C49913857FB6}.Debug|Any CPU.Build.0 = Debug|Any CPU
		{06937FAD-ECD7-4181-AC9A-C49913857FB6}.Release|Any CPU.ActiveCfg = Release|Any CPU
		{06937FAD-ECD7-4181-AC9A-C49913857FB6}.Release|Any CPU.Build.0 = Release|Any CPU
	EndGlobalSection
	GlobalSection(SolutionProperties) = preSolution
		HideSolutionNode = FALSE
	EndGlobalSection
	GlobalSection(ExtensibilityGlobals) = postSolution
		SolutionGuid = {B19DB3A5-DF8E-4518-8F00-443A51719B65}
	EndGlobalSection
EndGlobal
