
Microsoft Visual Studio Solution File, Format Version 12.00
# Visual Studio Version 16
VisualStudioVersion = 25.0.1700.0
MinimumVisualStudioVersion = 10.0.40219.1
Project("{FAE04EC0-301F-11D3-BF4B-00C04F79EFBC}") = "Conversion", "Conversion\Conversion.csproj", "{B2D4198E-D600-4F82-BA84-90E46A4EA577}"
EndProject
Global
	GlobalSection(SolutionConfigurationPlatforms) = preSolution
		Debug|Any CPU = Debug|Any CPU
		Release|Any CPU = Release|Any CPU
	EndGlobalSection
	GlobalSection(ProjectConfigurationPlatforms) = postSolution
		{B2D4198E-D600-4F82-BA84-90E46A4EA577}.Debug|Any CPU.ActiveCfg = Debug|Any CPU
		{B2D4198E-D600-4F82-BA84-90E46A4EA577}.Debug|Any CPU.Build.0 = Debug|Any CPU
		{B2D4198E-D600-4F82-BA84-90E46A4EA577}.Release|Any CPU.ActiveCfg = Release|Any CPU
		{B2D4198E-D600-4F82-BA84-90E46A4EA577}.Release|Any CPU.Build.0 = Release|Any CPU
	EndGlobalSection
	GlobalSection(SolutionProperties) = preSolution
		HideSolutionNode = FALSE
	EndGlobalSection
	GlobalSection(ExtensibilityGlobals) = postSolution
		SolutionGuid = {1DC031AA-38FE-4144-B415-BE959C7CAD60}
	EndGlobalSection
EndGlobal
