
Microsoft Visual Studio Solution File, Format Version 12.00
# Visual Studio Version 16
VisualStudioVersion = 25.0.1700.0
MinimumVisualStudioVersion = 10.0.40219.1
Project("{FAE04EC0-301F-11D3-BF4B-00C04F79EFBC}") = "BreakContinue", "BreakContinue\BreakContinue.csproj", "{93A021C7-4E69-4C03-BEC3-E782CE9337E4}"
EndProject
Global
	GlobalSection(SolutionConfigurationPlatforms) = preSolution
		Debug|Any CPU = Debug|Any CPU
		Release|Any CPU = Release|Any CPU
	EndGlobalSection
	GlobalSection(ProjectConfigurationPlatforms) = postSolution
		{93A021C7-4E69-4C03-BEC3-E782CE9337E4}.Debug|Any CPU.ActiveCfg = Debug|Any CPU
		{93A021C7-4E69-4C03-BEC3-E782CE9337E4}.Debug|Any CPU.Build.0 = Debug|Any CPU
		{93A021C7-4E69-4C03-BEC3-E782CE9337E4}.Release|Any CPU.ActiveCfg = Release|Any CPU
		{93A021C7-4E69-4C03-BEC3-E782CE9337E4}.Release|Any CPU.Build.0 = Release|Any CPU
	EndGlobalSection
	GlobalSection(SolutionProperties) = preSolution
		HideSolutionNode = FALSE
	EndGlobalSection
	GlobalSection(ExtensibilityGlobals) = postSolution
		SolutionGuid = {0C5D3A43-FD1F-4BB9-95FD-E8F73DEEB3DC}
	EndGlobalSection
EndGlobal
