
Microsoft Visual Studio Solution File, Format Version 12.00
# Visual Studio Version 16
VisualStudioVersion = 25.0.1700.0
MinimumVisualStudioVersion = 10.0.40219.1
Project("{FAE04EC0-301F-11D3-BF4B-00C04F79EFBC}") = "First_program", "First_program\First_program.csproj", "{1A45B445-8EAB-4B2D-913C-8848D79092A3}"
EndProject
Global
	GlobalSection(SolutionConfigurationPlatforms) = preSolution
		Debug|Any CPU = Debug|Any CPU
		Release|Any CPU = Release|Any CPU
	EndGlobalSection
	GlobalSection(ProjectConfigurationPlatforms) = postSolution
		{1A45B445-8EAB-4B2D-913C-8848D79092A3}.Debug|Any CPU.ActiveCfg = Debug|Any CPU
		{1A45B445-8EAB-4B2D-913C-8848D79092A3}.Debug|Any CPU.Build.0 = Debug|Any CPU
		{1A45B445-8EAB-4B2D-913C-8848D79092A3}.Release|Any CPU.ActiveCfg = Release|Any CPU
		{1A45B445-8EAB-4B2D-913C-8848D79092A3}.Release|Any CPU.Build.0 = Release|Any CPU
	EndGlobalSection
	GlobalSection(SolutionProperties) = preSolution
		HideSolutionNode = FALSE
	EndGlobalSection
	GlobalSection(ExtensibilityGlobals) = postSolution
		SolutionGuid = {5F1D9338-0D29-4D29-A416-BF07EA8D1E47}
	EndGlobalSection
EndGlobal
