
Microsoft Visual Studio Solution File, Format Version 12.00
# Visual Studio Version 16
VisualStudioVersion = 25.0.1700.0
MinimumVisualStudioVersion = 10.0.40219.1
Project("{FAE04EC0-301F-11D3-BF4B-00C04F79EFBC}") = "Challange9", "Challange9\Challange9.csproj", "{5AE98871-1DE7-489E-8B6C-CB7DFAA3A7F6}"
EndProject
Global
	GlobalSection(SolutionConfigurationPlatforms) = preSolution
		Debug|Any CPU = Debug|Any CPU
		Release|Any CPU = Release|Any CPU
	EndGlobalSection
	GlobalSection(ProjectConfigurationPlatforms) = postSolution
		{5AE98871-1DE7-489E-8B6C-CB7DFAA3A7F6}.Debug|Any CPU.ActiveCfg = Debug|Any CPU
		{5AE98871-1DE7-489E-8B6C-CB7DFAA3A7F6}.Debug|Any CPU.Build.0 = Debug|Any CPU
		{5AE98871-1DE7-489E-8B6C-CB7DFAA3A7F6}.Release|Any CPU.ActiveCfg = Release|Any CPU
		{5AE98871-1DE7-489E-8B6C-CB7DFAA3A7F6}.Release|Any CPU.Build.0 = Release|Any CPU
	EndGlobalSection
	GlobalSection(SolutionProperties) = preSolution
		HideSolutionNode = FALSE
	EndGlobalSection
	GlobalSection(ExtensibilityGlobals) = postSolution
		SolutionGuid = {BB0FD07B-D1A8-4343-AD42-8C3886BD9A5E}
	EndGlobalSection
EndGlobal
